
Microsoft Visual Studio Solution File, Format Version 12.00
# Visual Studio 15
VisualStudioVersion = 15.0.28010.2041
MinimumVisualStudioVersion = 10.0.40219.1
Project("{9A19103F-16F7-4668-BE54-9A1E7A4F7556}") = "CONSOLESUNITTEST", "CONSOLESUNITTEST\CONSOLESUNITTEST.csproj", "{DEFA75B6-54D8-446E-BA5B-006394A523FB}"
EndProject
Project("{2150E333-8FDC-42A3-9474-1A3956D46DE8}") = "Tests", "Tests", "{9CCC9255-CF81-456D-86E1-C46EBAF91EB7}"
EndProject
Project("{FAE04EC0-301F-11D3-BF4B-00C04F79EFBC}") = "UnitTests", "UnitTests\UnitTests.csproj", "{B6F3CAF2-EE3E-4FD5-8F28-96721B82CC58}"
EndProject
Global
	GlobalSection(SolutionConfigurationPlatforms) = preSolution
		Debug|Any CPU = Debug|Any CPU
		Release|Any CPU = Release|Any CPU
	EndGlobalSection
	GlobalSection(ProjectConfigurationPlatforms) = postSolution
		{DEFA75B6-54D8-446E-BA5B-006394A523FB}.Debug|Any CPU.ActiveCfg = Debug|Any CPU
		{DEFA75B6-54D8-446E-BA5B-006394A523FB}.Debug|Any CPU.Build.0 = Debug|Any CPU
		{DEFA75B6-54D8-446E-BA5B-006394A523FB}.Release|Any CPU.ActiveCfg = Release|Any CPU
		{DEFA75B6-54D8-446E-BA5B-006394A523FB}.Release|Any CPU.Build.0 = Release|Any CPU
		{B6F3CAF2-EE3E-4FD5-8F28-96721B82CC58}.Debug|Any CPU.ActiveCfg = Debug|Any CPU
		{B6F3CAF2-EE3E-4FD5-8F28-96721B82CC58}.Debug|Any CPU.Build.0 = Debug|Any CPU
		{B6F3CAF2-EE3E-4FD5-8F28-96721B82CC58}.Release|Any CPU.ActiveCfg = Release|Any CPU
		{B6F3CAF2-EE3E-4FD5-8F28-96721B82CC58}.Release|Any CPU.Build.0 = Release|Any CPU
	EndGlobalSection
	GlobalSection(SolutionProperties) = preSolution
		HideSolutionNode = FALSE
	EndGlobalSection
	GlobalSection(NestedProjects) = preSolution
		{B6F3CAF2-EE3E-4FD5-8F28-96721B82CC58} = {9CCC9255-CF81-456D-86E1-C46EBAF91EB7}
	EndGlobalSection
	GlobalSection(ExtensibilityGlobals) = postSolution
		SolutionGuid = {ADC35988-4590-497A-AA34-C819202BE0AB}
	EndGlobalSection
EndGlobal
